<?xml version="1.0" encoding="utf-8"?>
<Project ToolsVersion="4.0" xmlns="http://schemas.microsoft.com/developer/msbuild/2003">
  <ItemGroup>
    <Filter Include="Model">
      <UniqueIdentifier>{9b903914-5280-43cc-a771-47c310ea5b4a}</UniqueIdentifier>
    </Filter>
    <Filter Include="Service">
      <UniqueIdentifier>{d945a2b3-71a2-4670-841c-049246b25e52}</UniqueIdentifier>
    </Filter>
    <Filter Include="UI">
      <UniqueIdentifier>{cf87d7d8-b0bd-4d5d-b284-ad3d13fcb457}</UniqueIdentifier>
    </Filter>
    <Filter Include="Resource">
      <UniqueIdentifier>{65180669-2efb-485b-88df-bf6c3373b9ab}</UniqueIdentifier>
    </Filter>
  </ItemGroup>
  <ItemGroup>
    <ClCompile Include="Principal.cpp" />
    <ClCompile Include="Mundo.cpp">
      <Filter>Model</Filter>
    </ClCompile>
    <ClCompile Include="Sprite.cpp">
      <Filter>Model</Filter>
    </ClCompile>
    <ClCompile Include="Enemigo.cpp">
      <Filter>Model</Filter>
    </ClCompile>
    <ClCompile Include="Aliado.cpp">
      <Filter>Model</Filter>
    </ClCompile>
    <ClCompile Include="Fondo.cpp">
      <Filter>Model</Filter>
    </ClCompile>
    <ClCompile Include="Dialogo.cpp">
      <Filter>Model</Filter>
    </ClCompile>
    <ClCompile Include="Jugador.cpp">
      <Filter>Model</Filter>
    </ClCompile>
    <ClCompile Include="Pregunta.cpp">
      <Filter>Model</Filter>
    </ClCompile>
    <ClCompile Include="Recurso.cpp">
      <Filter>Model</Filter>
    </ClCompile>
    <ClCompile Include="Alerta.cpp">
      <Filter>Model</Filter>
    </ClCompile>
    <ClCompile Include="RobotEnemigo.cpp">
      <Filter>Model</Filter>
    </ClCompile>
    <ClCompile Include="Nave.cpp">
      <Filter>Model</Filter>
    </ClCompile>
    <ClCompile Include="DialogoService.cpp">
      <Filter>Service</Filter>
    </ClCompile>
    <ClCompile Include="PreguntaService.cpp">
      <Filter>Service</Filter>
    </ClCompile>
    <ClCompile Include="MundoHumanoService.cpp">
      <Filter>Service</Filter>
    </ClCompile>
    <ClCompile Include="Muro.cpp">
      <Filter>Service</Filter>
    </ClCompile>
    <ClCompile Include="MundoIAService.cpp">
      <Filter>Service</Filter>
    </ClCompile>
    <ClCompile Include="MundoColabService.cpp">
      <Filter>Service</Filter>
    </ClCompile>
    <ClCompile Include="FrmInicio.cpp">
      <Filter>UI</Filter>
    </ClCompile>
    <ClCompile Include="FrmMundoHumano.cpp">
      <Filter>UI</Filter>
    </ClCompile>
    <ClCompile Include="FrmModulo1.cpp">
      <Filter>UI</Filter>
    </ClCompile>
    <ClCompile Include="FrmModulo2.cpp">
      <Filter>UI</Filter>
    </ClCompile>
    <ClCompile Include="FrmModulo3.cpp">
      <Filter>UI</Filter>
    </ClCompile>
    <ClCompile Include="FrmMundoIA.cpp">
      <Filter>UI</Filter>
    </ClCompile>
    <ClCompile Include="FrmMundoColab.cpp">
      <Filter>UI</Filter>
    </ClCompile>
    <ClCompile Include="SoundManager.cpp">
      <Filter>Service</Filter>
    </ClCompile>
    <ClCompile Include="PapelSeñal.cpp">
      <Filter>Model</Filter>
    </ClCompile>
    <ClCompile Include="CortoCircuito.cpp">
      <Filter>Model</Filter>
    </ClCompile>
    <ClCompile Include="GasToxico.cpp">
      <Filter>Model</Filter>
    </ClCompile>
    <ClCompile Include="VozTerrestre.cpp">
      <Filter>Model</Filter>
    </ClCompile>
    <ClCompile Include="FrmFinMundoHumano.cpp">
      <Filter>UI</Filter>
    </ClCompile>
  </ItemGroup>
  <ItemGroup>
    <ClInclude Include="Sprite.h">
      <Filter>Model</Filter>
    </ClInclude>
    <ClInclude Include="Enemigo.h">
      <Filter>Model</Filter>
    </ClInclude>
    <ClInclude Include="Aliado.h">
      <Filter>Model</Filter>
    </ClInclude>
    <ClInclude Include="Fondo.h">
      <Filter>Model</Filter>
    </ClInclude>
    <ClInclude Include="Dialogo.h">
      <Filter>Model</Filter>
    </ClInclude>
    <ClInclude Include="Jugador.h">
      <Filter>Model</Filter>
    </ClInclude>
    <ClInclude Include="Pregunta.h">
      <Filter>Model</Filter>
    </ClInclude>
    <ClInclude Include="Recurso.h">
      <Filter>Model</Filter>
    </ClInclude>
    <ClInclude Include="Alerta.h">
      <Filter>Model</Filter>
    </ClInclude>
    <ClInclude Include="RobotEnemigo.h">
      <Filter>Model</Filter>
    </ClInclude>
    <ClInclude Include="Nave.h">
      <Filter>Model</Filter>
    </ClInclude>
    <ClInclude Include="DialogoService.h">
      <Filter>Service</Filter>
    </ClInclude>
    <ClInclude Include="PreguntaService.h">
      <Filter>Service</Filter>
    </ClInclude>
    <ClInclude Include="MundoHumanoService.h">
      <Filter>Service</Filter>
    </ClInclude>
    <ClInclude Include="Muro.h">
      <Filter>Service</Filter>
    </ClInclude>
    <ClInclude Include="MundoIAService.h">
      <Filter>Service</Filter>
    </ClInclude>
    <ClInclude Include="MundoColabService.h">
      <Filter>Service</Filter>
    </ClInclude>
    <ClInclude Include="FrmInicio.h">
      <Filter>UI</Filter>
    </ClInclude>
    <ClInclude Include="FrmMundoHumano.h">
      <Filter>UI</Filter>
    </ClInclude>
    <ClInclude Include="FrmModulo1.h">
      <Filter>UI</Filter>
    </ClInclude>
    <ClInclude Include="FrmModulo2.h">
      <Filter>UI</Filter>
    </ClInclude>
    <ClInclude Include="FrmModulo3.h">
      <Filter>UI</Filter>
    </ClInclude>
    <ClInclude Include="FrmMundoIA.h">
      <Filter>UI</Filter>
    </ClInclude>
    <ClInclude Include="FrmMundoColab.h">
      <Filter>UI</Filter>
    </ClInclude>
    <ClInclude Include="SoundManager.h">
      <Filter>Service</Filter>
    </ClInclude>
    <ClInclude Include="PapelSeñal.h">
      <Filter>Model</Filter>
    </ClInclude>
    <ClInclude Include="CortoCircuito.h">
      <Filter>Model</Filter>
    </ClInclude>
    <ClInclude Include="Mundo.h">
      <Filter>Model</Filter>
    </ClInclude>
    <ClInclude Include="GasToxico.h">
      <Filter>Model</Filter>
    </ClInclude>
    <ClInclude Include="VozTerrestre.h">
      <Filter>Model</Filter>
    </ClInclude>
    <ClInclude Include="FrmFinMundoHumano.h">
      <Filter>UI</Filter>
    </ClInclude>
  </ItemGroup>
  <ItemGroup>
    <Image Include="MundoHumano.png">
      <Filter>Resource</Filter>
    </Image>
    <Image Include="InicioJuego.png">
      <Filter>Resource</Filter>
    </Image>
    <Image Include="Alerta.png">
      <Filter>Resource</Filter>
    </Image>
    <Image Include="FondoMundoCOlab.png">
      <Filter>Resource</Filter>
    </Image>
    <Image Include="SpriteNave.png">
      <Filter>Resource</Filter>
    </Image>
    <Image Include="SpriteEstrella.png">
      <Filter>Resource</Filter>
    </Image>
    <Image Include="R2D2 Sprite.png">
      <Filter>Resource</Filter>
    </Image>
    <Image Include="MeteoritoSprite.png">
      <Filter>Resource</Filter>
    </Image>
    <Image Include="FondoMundoIA.png">
      <Filter>Resource</Filter>
    </Image>
    <Image Include="PersonajeMundoIA.png">
      <Filter>Resource</Filter>
    </Image>
    <Image Include="RobotMundoIA.png">
      <Filter>Resource</Filter>
    </Image>
    <Image Include="DescargaElectrica.png">
      <Filter>Resource</Filter>
    </Image>
    <Image Include="GasToxico.png">
      <Filter>Resource</Filter>
    </Image>
    <Image Include="PapelSeñal.png">
      <Filter>Resource</Filter>
    </Image>
    <Image Include="Astronauta.png">
      <Filter>Resource</Filter>
    </Image>
    <Image Include="TrajeAntiGasToxico.png">
      <Filter>Resource</Filter>
    </Image>
    <Image Include="TrajeAntiElectricidad.png">
      <Filter>Resource</Filter>
    </Image>
    <Image Include="FondoMensajeTerrestre.png">
      <Filter>Resource</Filter>
    </Image>
    <Image Include="IconoTrajeAntiElectricidad.png">
      <Filter>Resource</Filter>
    </Image>
  </ItemGroup>
  <ItemGroup>
    <CopyFileToFolders Include="MusicaFondoInicio.wav">
      <Filter>Resource</Filter>
    </CopyFileToFolders>
    <CopyFileToFolders Include="EfectoClick.wav">
      <Filter>Resource</Filter>
    </CopyFileToFolders>
    <CopyFileToFolders Include="MusicaFondoMundoHumano.wav">
      <Filter>Resource</Filter>
    </CopyFileToFolders>
    <CopyFileToFolders Include="PasosJuga.wav">
      <Filter>Resource</Filter>
    </CopyFileToFolders>
    <CopyFileToFolders Include="PasosJugador.wav">
      <Filter>Resource</Filter>
    </CopyFileToFolders>
  </ItemGroup>
</Project>